
Microsoft Visual Studio Solution File, Format Version 12.00
# Visual Studio Version 17
VisualStudioVersion = 17.4.33213.308
MinimumVisualStudioVersion = 10.0.40219.1
Project("{FAE04EC0-301F-11D3-BF4B-00C04F79EFBC}") = "webApiDAW", "webApiDAW\webApiDAW.csproj", "{511B2881-AE4A-4598-BBD2-26F303734051}"
EndProject
Global
	GlobalSection(SolutionConfigurationPlatforms) = preSolution
		Debug|Any CPU = Debug|Any CPU
		Release|Any CPU = Release|Any CPU
	EndGlobalSection
	GlobalSection(ProjectConfigurationPlatforms) = postSolution
		{511B2881-AE4A-4598-BBD2-26F303734051}.Debug|Any CPU.ActiveCfg = Debug|Any CPU
		{511B2881-AE4A-4598-BBD2-26F303734051}.Debug|Any CPU.Build.0 = Debug|Any CPU
		{511B2881-AE4A-4598-BBD2-26F303734051}.Release|Any CPU.ActiveCfg = Release|Any CPU
		{511B2881-AE4A-4598-BBD2-26F303734051}.Release|Any CPU.Build.0 = Release|Any CPU
	EndGlobalSection
	GlobalSection(SolutionProperties) = preSolution
		HideSolutionNode = FALSE
	EndGlobalSection
	GlobalSection(ExtensibilityGlobals) = postSolution
		SolutionGuid = {AB417D93-3D59-425C-8A93-6398D2F3A4B4}
	EndGlobalSection
EndGlobal
